// !$*UTF8*$!
{
	archiveVersion = 1;
	classes = {
	};
	objectVersion = 46;
	objects = {

/* Begin PBXBuildFile section */
		E99FF6D31CD049C200079EFB /* main.m in Sources */ = {isa = PBXBuildFile; fileRef = E99FF6D21CD049C200079EFB /* main.m */; };
		E99FF6D61CD049C200079EFB /* AppDelegate.m in Sources */ = {isa = PBXBuildFile; fileRef = E99FF6D51CD049C200079EFB /* AppDelegate.m */; };
		E99FF6D91CD049C200079EFB /* ViewController.m in Sources */ = {isa = PBXBuildFile; fileRef = E99FF6D81CD049C200079EFB /* ViewController.m */; };
		E99FF6DC1CD049C200079EFB /* Main.storyboard in Resources */ = {isa = PBXBuildFile; fileRef = E99FF6DA1CD049C200079EFB /* Main.storyboard */; };
		E99FF6DE1CD049C200079EFB /* Assets.xcassets in Resources */ = {isa = PBXBuildFile; fileRef = E99FF6DD1CD049C200079EFB /* Assets.xcassets */; };
		E99FF6E11CD049C200079EFB /* LaunchScreen.storyboard in Resources */ = {isa = PBXBuildFile; fileRef = E99FF6DF1CD049C200079EFB /* LaunchScreen.storyboard */; };
		E99FF6EC1CD049C200079EFB /* Week_9_2Tests.m in Sources */ = {isa = PBXBuildFile; fileRef = E99FF6EB1CD049C200079EFB /* Week_9_2Tests.m */; };
		E99FF6F71CD049C200079EFB /* Week_9_2UITests.m in Sources */ = {isa = PBXBuildFile; fileRef = E99FF6F61CD049C200079EFB /* Week_9_2UITests.m */; };
		E99FF7051CD049F200079EFB /* bookfile.txt in Resources */ = {isa = PBXBuildFile; fileRef = E99FF7041CD049F200079EFB /* bookfile.txt */; };
/* End PBXBuildFile section */

/* Begin PBXContainerItemProxy section */
		E99FF6E81CD049C200079EFB /* PBXContainerItemProxy */ = {
			isa = PBXContainerItemProxy;
			containerPortal = E99FF6C61CD049C200079EFB /* Project object */;
			proxyType = 1;
			remoteGlobalIDString = E99FF6CD1CD049C200079EFB;
			remoteInfo = "Week 9-2";
		};
		E99FF6F31CD049C200079EFB /* PBXContainerItemProxy */ = {
			isa = PBXContainerItemProxy;
			containerPortal = E99FF6C61CD049C200079EFB /* Project object */;
			proxyType = 1;
			remoteGlobalIDString = E99FF6CD1CD049C200079EFB;
			remoteInfo = "Week 9-2";
		};
/* End PBXContainerItemProxy section */

/* Begin PBXFileReference section */
		E99FF6CE1CD049C200079EFB /* Week 9-2.app */ = {isa = PBXFileReference; explicitFileType = wrapper.application; includeInIndex = 0; path = "Week 9-2.app"; sourceTree = BUILT_PRODUCTS_DIR; };
		E99FF6D21CD049C200079EFB /* main.m */ = {isa = PBXFileReference; lastKnownFileType = sourcecode.c.objc; path = main.m; sourceTree = "<group>"; };
		E99FF6D41CD049C200079EFB /* AppDelegate.h */ = {isa = PBXFileReference; lastKnownFileType = sourcecode.c.h; path = AppDelegate.h; sourceTree = "<group>"; };
		E99FF6D51CD049C200079EFB /* AppDelegate.m */ = {isa = PBXFileReference; lastKnownFileType = sourcecode.c.objc; path = AppDelegate.m; sourceTree = "<group>"; };
		E99FF6D71CD049C200079EFB /* ViewController.h */ = {isa = PBXFileReference; lastKnownFileType = sourcecode.c.h; path = ViewController.h; sourceTree = "<group>"; };
		E99FF6D81CD049C200079EFB /* ViewController.m */ = {isa = PBXFileReference; lastKnownFileType = sourcecode.c.objc; path = ViewController.m; sourceTree = "<group>"; };
		E99FF6DB1CD049C200079EFB /* Base */ = {isa = PBXFileReference; lastKnownFileType = file.storyboard; name = Base; path = Base.lproj/Main.storyboard; sourceTree = "<group>"; };
		E99FF6DD1CD049C200079EFB /* Assets.xcassets */ = {isa = PBXFileReference; lastKnownFileType = folder.assetcatalog; path = Assets.xcassets; sourceTree = "<group>"; };
		E99FF6E01CD049C200079EFB /* Base */ = {isa = PBXFileReference; lastKnownFileType = file.storyboard; name = Base; path = Base.lproj/LaunchScreen.storyboard; sourceTree = "<group>"; };
		E99FF6E21CD049C200079EFB /* Info.plist */ = {isa = PBXFileReference; lastKnownFileType = text.plist.xml; path = Info.plist; sourceTree = "<group>"; };
		E99FF6E71CD049C200079EFB /* Week 9-2Tests.xctest */ = {isa = PBXFileReference; explicitFileType = wrapper.cfbundle; includeInIndex = 0; path = "Week 9-2Tests.xctest"; sourceTree = BUILT_PRODUCTS_DIR; };
		E99FF6EB1CD049C200079EFB /* Week_9_2Tests.m */ = {isa = PBXFileReference; lastKnownFileType = sourcecode.c.objc; path = Week_9_2Tests.m; sourceTree = "<group>"; };
		E99FF6ED1CD049C200079EFB /* Info.plist */ = {isa = PBXFileReference; lastKnownFileType = text.plist.xml; path = Info.plist; sourceTree = "<group>"; };
		E99FF6F21CD049C200079EFB /* Week 9-2UITests.xctest */ = {isa = PBXFileReference; explicitFileType = wrapper.cfbundle; includeInIndex = 0; path = "Week 9-2UITests.xctest"; sourceTree = BUILT_PRODUCTS_DIR; };
		E99FF6F61CD049C200079EFB /* Week_9_2UITests.m */ = {isa = PBXFileReference; lastKnownFileType = sourcecode.c.objc; path = Week_9_2UITests.m; sourceTree = "<group>"; };
		E99FF6F81CD049C200079EFB /* Info.plist */ = {isa = PBXFileReference; lastKnownFileType = text.plist.xml; path = Info.plist; sourceTree = "<group>"; };
		E99FF7041CD049F200079EFB /* bookfile.txt */ = {isa = PBXFileReference; fileEncoding = 4; lastKnownFileType = text; path = bookfile.txt; sourceTree = "<group>"; };
/* End PBXFileReference section */

/* Begin PBXFrameworksBuildPhase section */
		E99FF6CB1CD049C200079EFB /* Frameworks */ = {
			isa = PBXFrameworksBuildPhase;
			buildActionMask = 2147483647;
			files = (
			);
			runOnlyForDeploymentPostprocessing = 0;
		};
		E99FF6E41CD049C200079EFB /* Frameworks */ = {
			isa = PBXFrameworksBuildPhase;
			buildActionMask = 2147483647;
			files = (
			);
			runOnlyForDeploymentPostprocessing = 0;
		};
		E99FF6EF1CD049C200079EFB /* Frameworks */ = {
			isa = PBXFrameworksBuildPhase;
			buildActionMask = 2147483647;
			files = (
			);
			runOnlyForDeploymentPostprocessing = 0;
		};
/* End PBXFrameworksBuildPhase section */

/* Begin PBXGroup section */
		E99FF6C51CD049C200079EFB = {
			isa = PBXGroup;
			children = (
				E99FF6D01CD049C200079EFB /* Week 9-2 */,
				E99FF6EA1CD049C200079EFB /* Week 9-2Tests */,
				E99FF6F51CD049C200079EFB /* Week 9-2UITests */,
				E99FF6CF1CD049C200079EFB /* Products */,
			);
			sourceTree = "<group>";
		};
		E99FF6CF1CD049C200079EFB /* Products */ = {
			isa = PBXGroup;
			children = (
				E99FF6CE1CD049C200079EFB /* Week 9-2.app */,
				E99FF6E71CD049C200079EFB /* Week 9-2Tests.xctest */,
				E99FF6F21CD049C200079EFB /* Week 9-2UITests.xctest */,
			);
			name = Products;
			sourceTree = "<group>";
		};
		E99FF6D01CD049C200079EFB /* Week 9-2 */ = {
			isa = PBXGroup;
			children = (
				E99FF6D41CD049C200079EFB /* AppDelegate.h */,
				E99FF6D51CD049C200079EFB /* AppDelegate.m */,
				E99FF6D71CD049C200079EFB /* ViewController.h */,
				E99FF6D81CD049C200079EFB /* ViewController.m */,
				E99FF6DA1CD049C200079EFB /* Main.storyboard */,
				E99FF6DD1CD049C200079EFB /* Assets.xcassets */,
				E99FF6DF1CD049C200079EFB /* LaunchScreen.storyboard */,
				E99FF6E21CD049C200079EFB /* Info.plist */,
				E99FF6D11CD049C200079EFB /* Supporting Files */,
			);
			path = "Week 9-2";
			sourceTree = "<group>";
		};
		E99FF6D11CD049C200079EFB /* Supporting Files */ = {
			isa = PBXGroup;
			children = (
				E99FF7041CD049F200079EFB /* bookfile.txt */,
				E99FF6D21CD049C200079EFB /* main.m */,
			);
			name = "Supporting Files";
			sourceTree = "<group>";
		};
		E99FF6EA1CD049C200079EFB /* Week 9-2Tests */ = {
			isa = PBXGroup;
			children = (
				E99FF6EB1CD049C200079EFB /* Week_9_2Tests.m */,
				E99FF6ED1CD049C200079EFB /* Info.plist */,
			);
			path = "Week 9-2Tests";
			sourceTree = "<group>";
		};
		E99FF6F51CD049C200079EFB /* Week 9-2UITests */ = {
			isa = PBXGroup;
			children = (
				E99FF6F61CD049C200079EFB /* Week_9_2UITests.m */,
				E99FF6F81CD049C200079EFB /* Info.plist */,
			);
			path = "Week 9-2UITests";
			sourceTree = "<group>";
		};
/* End PBXGroup section */

/* Begin PBXNativeTarget section */
		E99FF6CD1CD049C200079EFB /* Week 9-2 */ = {
			isa = PBXNativeTarget;
			buildConfigurationList = E99FF6FB1CD049C200079EFB /* Build configuration list for PBXNativeTarget "Week 9-2" */;
			buildPhases = (
				E99FF6CA1CD049C200079EFB /* Sources */,
				E99FF6CB1CD049C200079EFB /* Frameworks */,
				E99FF6CC1CD049C200079EFB /* Resources */,
			);
			buildRules = (
			);
			dependencies = (
			);
			name = "Week 9-2";
			productName = "Week 9-2";
			productReference = E99FF6CE1CD049C200079EFB /* Week 9-2.app */;
			productType = "com.apple.product-type.application";
		};
		E99FF6E61CD049C200079EFB /* Week 9-2Tests */ = {
			isa = PBXNativeTarget;
			buildConfigurationList = E99FF6FE1CD049C200079EFB /* Build configuration list for PBXNativeTarget "Week 9-2Tests" */;
			buildPhases = (
				E99FF6E31CD049C200079EFB /* Sources */,
				E99FF6E41CD049C200079EFB /* Frameworks */,
				E99FF6E51CD049C200079EFB /* Resources */,
			);
			buildRules = (
			);
			dependencies = (
				E99FF6E91CD049C200079EFB /* PBXTargetDependency */,
			);
			name = "Week 9-2Tests";
			productName = "Week 9-2Tests";
			productReference = E99FF6E71CD049C200079EFB /* Week 9-2Tests.xctest */;
			productType = "com.apple.product-type.bundle.unit-test";
		};
		E99FF6F11CD049C200079EFB /* Week 9-2UITests */ = {
			isa = PBXNativeTarget;
			buildConfigurationList = E99FF7011CD049C200079EFB /* Build configuration list for PBXNativeTarget "Week 9-2UITests" */;
			buildPhases = (
				E99FF6EE1CD049C200079EFB /* Sources */,
				E99FF6EF1CD049C200079EFB /* Frameworks */,
				E99FF6F01CD049C200079EFB /* Resources */,
			);
			buildRules = (
			);
			dependencies = (
				E99FF6F41CD049C200079EFB /* PBXTargetDependency */,
			);
			name = "Week 9-2UITests";
			productName = "Week 9-2UITests";
			productReference = E99FF6F21CD049C200079EFB /* Week 9-2UITests.xctest */;
			productType = "com.apple.product-type.bundle.ui-testing";
		};
/* End PBXNativeTarget section */

/* Begin PBXProject section */
		E99FF6C61CD049C200079EFB /* Project object */ = {
			isa = PBXProject;
			attributes = {
				LastUpgradeCheck = 0730;
				ORGANIZATIONNAME = "김기범";
				TargetAttributes = {
					E99FF6CD1CD049C200079EFB = {
						CreatedOnToolsVersion = 7.3;
					};
					E99FF6E61CD049C200079EFB = {
						CreatedOnToolsVersion = 7.3;
						TestTargetID = E99FF6CD1CD049C200079EFB;
					};
					E99FF6F11CD049C200079EFB = {
						CreatedOnToolsVersion = 7.3;
						TestTargetID = E99FF6CD1CD049C200079EFB;
					};
				};
			};
			buildConfigurationList = E99FF6C91CD049C200079EFB /* Build configuration list for PBXProject "Week 9-2" */;
			compatibilityVersion = "Xcode 3.2";
			developmentRegion = English;
			hasScannedForEncodings = 0;
			knownRegions = (
				en,
				Base,
			);
			mainGroup = E99FF6C51CD049C200079EFB;
			productRefGroup = E99FF6CF1CD049C200079EFB /* Products */;
			projectDirPath = "";
			projectRoot = "";
			targets = (
				E99FF6CD1CD049C200079EFB /* Week 9-2 */,
				E99FF6E61CD049C200079EFB /* Week 9-2Tests */,
				E99FF6F11CD049C200079EFB /* Week 9-2UITests */,
			);
		};
/* End PBXProject section */

/* Begin PBXResourcesBuildPhase section */
		E99FF6CC1CD049C200079EFB /* Resources */ = {
			isa = PBXResourcesBuildPhase;
			buildActionMask = 2147483647;
			files = (
				E99FF6E11CD049C200079EFB /* LaunchScreen.storyboard in Resources */,
				E99FF6DE1CD049C200079EFB /* Assets.xcassets in Resources */,
				E99FF6DC1CD049C200079EFB /* Main.storyboard in Resources */,
				E99FF7051CD049F200079EFB /* bookfile.txt in Resources */,
			);
			runOnlyForDeploymentPostprocessing = 0;
		};
		E99FF6E51CD049C200079EFB /* Resources */ = {
			isa = PBXResourcesBuildPhase;
			buildActionMask = 2147483647;
			files = (
			);
			runOnlyForDeploymentPostprocessing = 0;
		};
		E99FF6F01CD049C200079EFB /* Resources */ = {
			isa = PBXResourcesBuildPhase;
			buildActionMask = 2147483647;
			files = (
			);
			runOnlyForDeploymentPostprocessing = 0;
		};
/* End PBXResourcesBuildPhase section */

/* Begin PBXSourcesBuildPhase section */
		E99FF6CA1CD049C200079EFB /* Sources */ = {
			isa = PBXSourcesBuildPhase;
			buildActionMask = 2147483647;
			files = (
				E99FF6D91CD049C200079EFB /* ViewController.m in Sources */,
				E99FF6D61CD049C200079EFB /* AppDelegate.m in Sources */,
				E99FF6D31CD049C200079EFB /* main.m in Sources */,
			);
			runOnlyForDeploymentPostprocessing = 0;
		};
		E99FF6E31CD049C200079EFB /* Sources */ = {
			isa = PBXSourcesBuildPhase;
			buildActionMask = 2147483647;
			files = (
				E99FF6EC1CD049C200079EFB /* Week_9_2Tests.m in Sources */,
			);
			runOnlyForDeploymentPostprocessing = 0;
		};
		E99FF6EE1CD049C200079EFB /* Sources */ = {
			isa = PBXSourcesBuildPhase;
			buildActionMask = 2147483647;
			files = (
				E99FF6F71CD049C200079EFB /* Week_9_2UITests.m in Sources */,
			);
			runOnlyForDeploymentPostprocessing = 0;
		};
/* End PBXSourcesBuildPhase section */

/* Begin PBXTargetDependency section */
		E99FF6E91CD049C200079EFB /* PBXTargetDependency */ = {
			isa = PBXTargetDependency;
			target = E99FF6CD1CD049C200079EFB /* Week 9-2 */;
			targetProxy = E99FF6E81CD049C200079EFB /* PBXContainerItemProxy */;
		};
		E99FF6F41CD049C200079EFB /* PBXTargetDependency */ = {
			isa = PBXTargetDependency;
			target = E99FF6CD1CD049C200079EFB /* Week 9-2 */;
			targetProxy = E99FF6F31CD049C200079EFB /* PBXContainerItemProxy */;
		};
/* End PBXTargetDependency section */

/* Begin PBXVariantGroup section */
		E99FF6DA1CD049C200079EFB /* Main.storyboard */ = {
			isa = PBXVariantGroup;
			children = (
				E99FF6DB1CD049C200079EFB /* Base */,
			);
			name = Main.storyboard;
			sourceTree = "<group>";
		};
		E99FF6DF1CD049C200079EFB /* LaunchScreen.storyboard */ = {
			isa = PBXVariantGroup;
			children = (
				E99FF6E01CD049C200079EFB /* Base */,
			);
			name = LaunchScreen.storyboard;
			sourceTree = "<group>";
		};
/* End PBXVariantGroup section */

/* Begin XCBuildConfiguration section */
		E99FF6F91CD049C200079EFB /* Debug */ = {
			isa = XCBuildConfiguration;
			buildSettings = {
				ALWAYS_SEARCH_USER_PATHS = NO;
				CLANG_ANALYZER_NONNULL = YES;
				CLANG_CXX_LANGUAGE_STANDARD = "gnu++0x";
				CLANG_CXX_LIBRARY = "libc++";
				CLANG_ENABLE_MODULES = YES;
				CLANG_ENABLE_OBJC_ARC = YES;
				CLANG_WARN_BOOL_CONVERSION = YES;
				CLANG_WARN_CONSTANT_CONVERSION = YES;
				CLANG_WARN_DIRECT_OBJC_ISA_USAGE = YES_ERROR;
				CLANG_WARN_EMPTY_BODY = YES;
				CLANG_WARN_ENUM_CONVERSION = YES;
				CLANG_WARN_INT_CONVERSION = YES;
				CLANG_WARN_OBJC_ROOT_CLASS = YES_ERROR;
				CLANG_WARN_UNREACHABLE_CODE = YES;
				CLANG_WARN__DUPLICATE_METHOD_MATCH = YES;
				"CODE_SIGN_IDENTITY[sdk=iphoneos*]" = "iPhone Developer";
				COPY_PHASE_STRIP = NO;
				DEBUG_INFORMATION_FORMAT = dwarf;
				ENABLE_STRICT_OBJC_MSGSEND = YES;
				ENABLE_TESTABILITY = YES;
				GCC_C_LANGUAGE_STANDARD = gnu99;
				GCC_DYNAMIC_NO_PIC = NO;
				GCC_NO_COMMON_BLOCKS = YES;
				GCC_OPTIMIZATION_LEVEL = 0;
				GCC_PREPROCESSOR_DEFINITIONS = (
					"DEBUG=1",
					"$(inherited)",
				);
				GCC_WARN_64_TO_32_BIT_CONVERSION = YES;
				GCC_WARN_ABOUT_RETURN_TYPE = YES_ERROR;
				GCC_WARN_UNDECLARED_SELECTOR = YES;
				GCC_WARN_UNINITIALIZED_AUTOS = YES_AGGRESSIVE;
				GCC_WARN_UNUSED_FUNCTION = YES;
				GCC_WARN_UNUSED_VARIABLE = YES;
				IPHONEOS_DEPLOYMENT_TARGET = 9.3;
				MTL_ENABLE_DEBUG_INFO = YES;
				ONLY_ACTIVE_ARCH = YES;
				SDKROOT = iphoneos;
			};
			name = Debug;
		};
		E99FF6FA1CD049C200079EFB /* Release */ = {
			isa = XCBuildConfiguration;
			buildSettings = {
				ALWAYS_SEARCH_USER_PATHS = NO;
				CLANG_ANALYZER_NONNULL = YES;
				CLANG_CXX_LANGUAGE_STANDARD = "gnu++0x";
				CLANG_CXX_LIBRARY = "libc++";
				CLANG_ENABLE_MODULES = YES;
				CLANG_ENABLE_OBJC_ARC = YES;
				CLANG_WARN_BOOL_CONVERSION = YES;
				CLANG_WARN_CONSTANT_CONVERSION = YES;
				CLANG_WARN_DIRECT_OBJC_ISA_USAGE = YES_ERROR;
				CLANG_WARN_EMPTY_BODY = YES;
				CLANG_WARN_ENUM_CONVERSION = YES;
				CLANG_WARN_INT_CONVERSION = YES;
				CLANG_WARN_OBJC_ROOT_CLASS = YES_ERROR;
				CLANG_WARN_UNREACHABLE_CODE = YES;
				CLANG_WARN__DUPLICATE_METHOD_MATCH = YES;
				"CODE_SIGN_IDENTITY[sdk=iphoneos*]" = "iPhone Developer";
				COPY_PHASE_STRIP = NO;
				DEBUG_INFORMATION_FORMAT = "dwarf-with-dsym";
				ENABLE_NS_ASSERTIONS = NO;
				ENABLE_STRICT_OBJC_MSGSEND = YES;
				GCC_C_LANGUAGE_STANDARD = gnu99;
				GCC_NO_COMMON_BLOCKS = YES;
				GCC_WARN_64_TO_32_BIT_CONVERSION = YES;
				GCC_WARN_ABOUT_RETURN_TYPE = YES_ERROR;
				GCC_WARN_UNDECLARED_SELECTOR = YES;
				GCC_WARN_UNINITIALIZED_AUTOS = YES_AGGRESSIVE;
				GCC_WARN_UNUSED_FUNCTION = YES;
				GCC_WARN_UNUSED_VARIABLE = YES;
				IPHONEOS_DEPLOYMENT_TARGET = 9.3;
				MTL_ENABLE_DEBUG_INFO = NO;
				SDKROOT = iphoneos;
				VALIDATE_PRODUCT = YES;
			};
			name = Release;
		};
		E99FF6FC1CD049C200079EFB /* Debug */ = {
			isa = XCBuildConfiguration;
			buildSettings = {
				ASSETCATALOG_COMPILER_APPICON_NAME = AppIcon;
				INFOPLIST_FILE = "Week 9-2/Info.plist";
				LD_RUNPATH_SEARCH_PATHS = "$(inherited) @executable_path/Frameworks";
				PRODUCT_BUNDLE_IDENTIFIER = "NHN-NEXT.Week-9-2";
				PRODUCT_NAME = "$(TARGET_NAME)";
			};
			name = Debug;
		};
		E99FF6FD1CD049C200079EFB /* Release */ = {
			isa = XCBuildConfiguration;
			buildSettings = {
				ASSETCATALOG_COMPILER_APPICON_NAME = AppIcon;
				INFOPLIST_FILE = "Week 9-2/Info.plist";
				LD_RUNPATH_SEARCH_PATHS = "$(inherited) @executable_path/Frameworks";
				PRODUCT_BUNDLE_IDENTIFIER = "NHN-NEXT.Week-9-2";
				PRODUCT_NAME = "$(TARGET_NAME)";
			};
			name = Release;
		};
		E99FF6FF1CD049C200079EFB /* Debug */ = {
			isa = XCBuildConfiguration;
			buildSettings = {
				BUNDLE_LOADER = "$(TEST_HOST)";
				INFOPLIST_FILE = "Week 9-2Tests/Info.plist";
				LD_RUNPATH_SEARCH_PATHS = "$(inherited) @executable_path/Frameworks @loader_path/Frameworks";
				PRODUCT_BUNDLE_IDENTIFIER = "NHN-NEXT.Week-9-2Tests";
				PRODUCT_NAME = "$(TARGET_NAME)";
				TEST_HOST = "$(BUILT_PRODUCTS_DIR)/Week 9-2.app/Week 9-2";
			};
			name = Debug;
		};
		E99FF7001CD049C200079EFB /* Release */ = {
			isa = XCBuildConfiguration;
			buildSettings = {
				BUNDLE_LOADER = "$(TEST_HOST)";
				INFOPLIST_FILE = "Week 9-2Tests/Info.plist";
				LD_RUNPATH_SEARCH_PATHS = "$(inherited) @executable_path/Frameworks @loader_path/Frameworks";
				PRODUCT_BUNDLE_IDENTIFIER = "NHN-NEXT.Week-9-2Tests";
				PRODUCT_NAME = "$(TARGET_NAME)";
				TEST_HOST = "$(BUILT_PRODUCTS_DIR)/Week 9-2.app/Week 9-2";
			};
			name = Release;
		};
		E99FF7021CD049C200079EFB /* Debug */ = {
			isa = XCBuildConfiguration;
			buildSettings = {
				INFOPLIST_FILE = "Week 9-2UITests/Info.plist";
				LD_RUNPATH_SEARCH_PATHS = "$(inherited) @executable_path/Frameworks @loader_path/Frameworks";
				PRODUCT_BUNDLE_IDENTIFIER = "NHN-NEXT.Week-9-2UITests";
				PRODUCT_NAME = "$(TARGET_NAME)";
				TEST_TARGET_NAME = "Week 9-2";
			};
			name = Debug;
		};
		E99FF7031CD049C200079EFB /* Release */ = {
			isa = XCBuildConfiguration;
			buildSettings = {
				INFOPLIST_FILE = "Week 9-2UITests/Info.plist";
				LD_RUNPATH_SEARCH_PATHS = "$(inherited) @executable_path/Frameworks @loader_path/Frameworks";
				PRODUCT_BUNDLE_IDENTIFIER = "NHN-NEXT.Week-9-2UITests";
				PRODUCT_NAME = "$(TARGET_NAME)";
				TEST_TARGET_NAME = "Week 9-2";
			};
			name = Release;
		};
/* End XCBuildConfiguration section */

/* Begin XCConfigurationList section */
		E99FF6C91CD049C200079EFB /* Build configuration list for PBXProject "Week 9-2" */ = {
			isa = XCConfigurationList;
			buildConfigurations = (
				E99FF6F91CD049C200079EFB /* Debug */,
				E99FF6FA1CD049C200079EFB /* Release */,
			);
			defaultConfigurationIsVisible = 0;
			defaultConfigurationName = Release;
		};
		E99FF6FB1CD049C200079EFB /* Build configuration list for PBXNativeTarget "Week 9-2" */ = {
			isa = XCConfigurationList;
			buildConfigurations = (
				E99FF6FC1CD049C200079EFB /* Debug */,
				E99FF6FD1CD049C200079EFB /* Release */,
			);
			defaultConfigurationIsVisible = 0;
		};
		E99FF6FE1CD049C200079EFB /* Build configuration list for PBXNativeTarget "Week 9-2Tests" */ = {
			isa = XCConfigurationList;
			buildConfigurations = (
				E99FF6FF1CD049C200079EFB /* Debug */,
				E99FF7001CD049C200079EFB /* Release */,
			);
			defaultConfigurationIsVisible = 0;
		};
		E99FF7011CD049C200079EFB /* Build configuration list for PBXNativeTarget "Week 9-2UITests" */ = {
			isa = XCConfigurationList;
			buildConfigurations = (
				E99FF7021CD049C200079EFB /* Debug */,
				E99FF7031CD049C200079EFB /* Release */,
			);
			defaultConfigurationIsVisible = 0;
		};
/* End XCConfigurationList section */
	};
	rootObject = E99FF6C61CD049C200079EFB /* Project object */;
}
