// !$*UTF8*$!
{
	archiveVersion = 1;
	classes = {
	};
	objectVersion = 46;
	objects = {

/* Begin PBXBuildFile section */
		E94623C71C8FAE06005ACC9F /* main.m in Sources */ = {isa = PBXBuildFile; fileRef = E94623C61C8FAE06005ACC9F /* main.m */; };
		E94623CF1C8FAE28005ACC9F /* NXPersonModel.m in Sources */ = {isa = PBXBuildFile; fileRef = E94623CE1C8FAE28005ACC9F /* NXPersonModel.m */; };
/* End PBXBuildFile section */

/* Begin PBXCopyFilesBuildPhase section */
		E94623C11C8FAE06005ACC9F /* CopyFiles */ = {
			isa = PBXCopyFilesBuildPhase;
			buildActionMask = 2147483647;
			dstPath = /usr/share/man/man1/;
			dstSubfolderSpec = 0;
			files = (
			);
			runOnlyForDeploymentPostprocessing = 1;
		};
/* End PBXCopyFilesBuildPhase section */

/* Begin PBXFileReference section */
		E94623C31C8FAE06005ACC9F /* Week 2 */ = {isa = PBXFileReference; explicitFileType = "compiled.mach-o.executable"; includeInIndex = 0; path = "Week 2"; sourceTree = BUILT_PRODUCTS_DIR; };
		E94623C61C8FAE06005ACC9F /* main.m */ = {isa = PBXFileReference; lastKnownFileType = sourcecode.c.objc; path = main.m; sourceTree = "<group>"; };
		E94623CD1C8FAE28005ACC9F /* NXPersonModel.h */ = {isa = PBXFileReference; fileEncoding = 4; lastKnownFileType = sourcecode.c.h; path = NXPersonModel.h; sourceTree = "<group>"; };
		E94623CE1C8FAE28005ACC9F /* NXPersonModel.m */ = {isa = PBXFileReference; fileEncoding = 4; lastKnownFileType = sourcecode.c.objc; path = NXPersonModel.m; sourceTree = "<group>"; };
/* End PBXFileReference section */

/* Begin PBXFrameworksBuildPhase section */
		E94623C01C8FAE06005ACC9F /* Frameworks */ = {
			isa = PBXFrameworksBuildPhase;
			buildActionMask = 2147483647;
			files = (
			);
			runOnlyForDeploymentPostprocessing = 0;
		};
/* End PBXFrameworksBuildPhase section */

/* Begin PBXGroup section */
		E94623BA1C8FAE06005ACC9F = {
			isa = PBXGroup;
			children = (
				E94623C51C8FAE06005ACC9F /* Week 2 */,
				E94623C41C8FAE06005ACC9F /* Products */,
			);
			sourceTree = "<group>";
		};
		E94623C41C8FAE06005ACC9F /* Products */ = {
			isa = PBXGroup;
			children = (
				E94623C31C8FAE06005ACC9F /* Week 2 */,
			);
			name = Products;
			sourceTree = "<group>";
		};
		E94623C51C8FAE06005ACC9F /* Week 2 */ = {
			isa = PBXGroup;
			children = (
				E94623C61C8FAE06005ACC9F /* main.m */,
				E94623CD1C8FAE28005ACC9F /* NXPersonModel.h */,
				E94623CE1C8FAE28005ACC9F /* NXPersonModel.m */,
			);
			path = "Week 2";
			sourceTree = "<group>";
		};
/* End PBXGroup section */

/* Begin PBXNativeTarget section */
		E94623C21C8FAE06005ACC9F /* Week 2 */ = {
			isa = PBXNativeTarget;
			buildConfigurationList = E94623CA1C8FAE06005ACC9F /* Build configuration list for PBXNativeTarget "Week 2" */;
			buildPhases = (
				E94623BF1C8FAE06005ACC9F /* Sources */,
				E94623C01C8FAE06005ACC9F /* Frameworks */,
				E94623C11C8FAE06005ACC9F /* CopyFiles */,
			);
			buildRules = (
			);
			dependencies = (
			);
			name = "Week 2";
			productName = Week2;
			productReference = E94623C31C8FAE06005ACC9F /* Week 2 */;
			productType = "com.apple.product-type.tool";
		};
/* End PBXNativeTarget section */

/* Begin PBXProject section */
		E94623BB1C8FAE06005ACC9F /* Project object */ = {
			isa = PBXProject;
			attributes = {
				LastUpgradeCheck = 0720;
				ORGANIZATIONNAME = "김기범";
				TargetAttributes = {
					E94623C21C8FAE06005ACC9F = {
						CreatedOnToolsVersion = 7.2.1;
					};
				};
			};
			buildConfigurationList = E94623BE1C8FAE06005ACC9F /* Build configuration list for PBXProject "Week 2" */;
			compatibilityVersion = "Xcode 3.2";
			developmentRegion = English;
			hasScannedForEncodings = 0;
			knownRegions = (
				en,
			);
			mainGroup = E94623BA1C8FAE06005ACC9F;
			productRefGroup = E94623C41C8FAE06005ACC9F /* Products */;
			projectDirPath = "";
			projectRoot = "";
			targets = (
				E94623C21C8FAE06005ACC9F /* Week 2 */,
			);
		};
/* End PBXProject section */

/* Begin PBXSourcesBuildPhase section */
		E94623BF1C8FAE06005ACC9F /* Sources */ = {
			isa = PBXSourcesBuildPhase;
			buildActionMask = 2147483647;
			files = (
				E94623CF1C8FAE28005ACC9F /* NXPersonModel.m in Sources */,
				E94623C71C8FAE06005ACC9F /* main.m in Sources */,
			);
			runOnlyForDeploymentPostprocessing = 0;
		};
/* End PBXSourcesBuildPhase section */

/* Begin XCBuildConfiguration section */
		E94623C81C8FAE06005ACC9F /* Debug */ = {
			isa = XCBuildConfiguration;
			buildSettings = {
				ALWAYS_SEARCH_USER_PATHS = NO;
				CLANG_CXX_LANGUAGE_STANDARD = "gnu++0x";
				CLANG_CXX_LIBRARY = "libc++";
				CLANG_ENABLE_MODULES = YES;
				CLANG_ENABLE_OBJC_ARC = YES;
				CLANG_WARN_BOOL_CONVERSION = YES;
				CLANG_WARN_CONSTANT_CONVERSION = YES;
				CLANG_WARN_DIRECT_OBJC_ISA_USAGE = YES_ERROR;
				CLANG_WARN_EMPTY_BODY = YES;
				CLANG_WARN_ENUM_CONVERSION = YES;
				CLANG_WARN_INT_CONVERSION = YES;
				CLANG_WARN_OBJC_ROOT_CLASS = YES_ERROR;
				CLANG_WARN_UNREACHABLE_CODE = YES;
				CLANG_WARN__DUPLICATE_METHOD_MATCH = YES;
				CODE_SIGN_IDENTITY = "-";
				COPY_PHASE_STRIP = NO;
				DEBUG_INFORMATION_FORMAT = dwarf;
				ENABLE_STRICT_OBJC_MSGSEND = YES;
				ENABLE_TESTABILITY = YES;
				GCC_C_LANGUAGE_STANDARD = gnu99;
				GCC_DYNAMIC_NO_PIC = NO;
				GCC_NO_COMMON_BLOCKS = YES;
				GCC_OPTIMIZATION_LEVEL = 0;
				GCC_PREPROCESSOR_DEFINITIONS = (
					"DEBUG=1",
					"$(inherited)",
				);
				GCC_WARN_64_TO_32_BIT_CONVERSION = YES;
				GCC_WARN_ABOUT_RETURN_TYPE = YES_ERROR;
				GCC_WARN_UNDECLARED_SELECTOR = YES;
				GCC_WARN_UNINITIALIZED_AUTOS = YES_AGGRESSIVE;
				GCC_WARN_UNUSED_FUNCTION = YES;
				GCC_WARN_UNUSED_VARIABLE = YES;
				MACOSX_DEPLOYMENT_TARGET = 10.11;
				MTL_ENABLE_DEBUG_INFO = YES;
				ONLY_ACTIVE_ARCH = YES;
				SDKROOT = macosx;
			};
			name = Debug;
		};
		E94623C91C8FAE06005ACC9F /* Release */ = {
			isa = XCBuildConfiguration;
			buildSettings = {
				ALWAYS_SEARCH_USER_PATHS = NO;
				CLANG_CXX_LANGUAGE_STANDARD = "gnu++0x";
				CLANG_CXX_LIBRARY = "libc++";
				CLANG_ENABLE_MODULES = YES;
				CLANG_ENABLE_OBJC_ARC = YES;
				CLANG_WARN_BOOL_CONVERSION = YES;
				CLANG_WARN_CONSTANT_CONVERSION = YES;
				CLANG_WARN_DIRECT_OBJC_ISA_USAGE = YES_ERROR;
				CLANG_WARN_EMPTY_BODY = YES;
				CLANG_WARN_ENUM_CONVERSION = YES;
				CLANG_WARN_INT_CONVERSION = YES;
				CLANG_WARN_OBJC_ROOT_CLASS = YES_ERROR;
				CLANG_WARN_UNREACHABLE_CODE = YES;
				CLANG_WARN__DUPLICATE_METHOD_MATCH = YES;
				CODE_SIGN_IDENTITY = "-";
				COPY_PHASE_STRIP = NO;
				DEBUG_INFORMATION_FORMAT = "dwarf-with-dsym";
				ENABLE_NS_ASSERTIONS = NO;
				ENABLE_STRICT_OBJC_MSGSEND = YES;
				GCC_C_LANGUAGE_STANDARD = gnu99;
				GCC_NO_COMMON_BLOCKS = YES;
				GCC_WARN_64_TO_32_BIT_CONVERSION = YES;
				GCC_WARN_ABOUT_RETURN_TYPE = YES_ERROR;
				GCC_WARN_UNDECLARED_SELECTOR = YES;
				GCC_WARN_UNINITIALIZED_AUTOS = YES_AGGRESSIVE;
				GCC_WARN_UNUSED_FUNCTION = YES;
				GCC_WARN_UNUSED_VARIABLE = YES;
				MACOSX_DEPLOYMENT_TARGET = 10.11;
				MTL_ENABLE_DEBUG_INFO = NO;
				SDKROOT = macosx;
			};
			name = Release;
		};
		E94623CB1C8FAE06005ACC9F /* Debug */ = {
			isa = XCBuildConfiguration;
			buildSettings = {
				PRODUCT_NAME = "Week 2";
			};
			name = Debug;
		};
		E94623CC1C8FAE06005ACC9F /* Release */ = {
			isa = XCBuildConfiguration;
			buildSettings = {
				PRODUCT_NAME = "Week 2";
			};
			name = Release;
		};
/* End XCBuildConfiguration section */

/* Begin XCConfigurationList section */
		E94623BE1C8FAE06005ACC9F /* Build configuration list for PBXProject "Week 2" */ = {
			isa = XCConfigurationList;
			buildConfigurations = (
				E94623C81C8FAE06005ACC9F /* Debug */,
				E94623C91C8FAE06005ACC9F /* Release */,
			);
			defaultConfigurationIsVisible = 0;
			defaultConfigurationName = Release;
		};
		E94623CA1C8FAE06005ACC9F /* Build configuration list for PBXNativeTarget "Week 2" */ = {
			isa = XCConfigurationList;
			buildConfigurations = (
				E94623CB1C8FAE06005ACC9F /* Debug */,
				E94623CC1C8FAE06005ACC9F /* Release */,
			);
			defaultConfigurationIsVisible = 0;
			defaultConfigurationName = Release;
		};
/* End XCConfigurationList section */
	};
	rootObject = E94623BB1C8FAE06005ACC9F /* Project object */;
}
