// !$*UTF8*$!
{
	archiveVersion = 1;
	classes = {
	};
	objectVersion = 46;
	objects = {

/* Begin PBXBuildFile section */
		E9BC72281C86827900F4DD97 /* main.m in Sources */ = {isa = PBXBuildFile; fileRef = E9BC72251C86827900F4DD97 /* main.m */; };
		E9BC72291C86827900F4DD97 /* NXPen.m in Sources */ = {isa = PBXBuildFile; fileRef = E9BC72271C86827900F4DD97 /* NXPen.m */; };
		E9BC722C1C8683F700F4DD97 /* FilePrinter.m in Sources */ = {isa = PBXBuildFile; fileRef = E9BC722B1C8683F700F4DD97 /* FilePrinter.m */; };
/* End PBXBuildFile section */

/* Begin PBXCopyFilesBuildPhase section */
		E9BC72161C86760A00F4DD97 /* CopyFiles */ = {
			isa = PBXCopyFilesBuildPhase;
			buildActionMask = 2147483647;
			dstPath = /usr/share/man/man1/;
			dstSubfolderSpec = 0;
			files = (
			);
			runOnlyForDeploymentPostprocessing = 1;
		};
/* End PBXCopyFilesBuildPhase section */

/* Begin PBXFileReference section */
		E9BC72181C86760A00F4DD97 /* Week 1 */ = {isa = PBXFileReference; explicitFileType = "compiled.mach-o.executable"; includeInIndex = 0; path = "Week 1"; sourceTree = BUILT_PRODUCTS_DIR; };
		E9BC72251C86827900F4DD97 /* main.m */ = {isa = PBXFileReference; fileEncoding = 4; lastKnownFileType = sourcecode.c.objc; name = main.m; path = "Problem 1/main.m"; sourceTree = "<group>"; };
		E9BC72261C86827900F4DD97 /* NXPen.h */ = {isa = PBXFileReference; fileEncoding = 4; lastKnownFileType = sourcecode.c.h; path = NXPen.h; sourceTree = "<group>"; };
		E9BC72271C86827900F4DD97 /* NXPen.m */ = {isa = PBXFileReference; fileEncoding = 4; lastKnownFileType = sourcecode.c.objc; path = NXPen.m; sourceTree = "<group>"; };
		E9BC722A1C8683F700F4DD97 /* FilePrinter.h */ = {isa = PBXFileReference; fileEncoding = 4; lastKnownFileType = sourcecode.c.h; path = FilePrinter.h; sourceTree = "<group>"; };
		E9BC722B1C8683F700F4DD97 /* FilePrinter.m */ = {isa = PBXFileReference; fileEncoding = 4; lastKnownFileType = sourcecode.c.objc; path = FilePrinter.m; sourceTree = "<group>"; };
/* End PBXFileReference section */

/* Begin PBXFrameworksBuildPhase section */
		E9BC72151C86760A00F4DD97 /* Frameworks */ = {
			isa = PBXFrameworksBuildPhase;
			buildActionMask = 2147483647;
			files = (
			);
			runOnlyForDeploymentPostprocessing = 0;
		};
/* End PBXFrameworksBuildPhase section */

/* Begin PBXGroup section */
		E9BC720F1C86760A00F4DD97 = {
			isa = PBXGroup;
			children = (
				E9BC721A1C86760A00F4DD97 /* Problem 1 */,
				E9BC722D1C8683FC00F4DD97 /* Problem 2 */,
				E9BC72191C86760A00F4DD97 /* Products */,
			);
			sourceTree = "<group>";
		};
		E9BC72191C86760A00F4DD97 /* Products */ = {
			isa = PBXGroup;
			children = (
				E9BC72181C86760A00F4DD97 /* Week 1 */,
			);
			name = Products;
			sourceTree = "<group>";
		};
		E9BC721A1C86760A00F4DD97 /* Problem 1 */ = {
			isa = PBXGroup;
			children = (
				E9BC72261C86827900F4DD97 /* NXPen.h */,
				E9BC72271C86827900F4DD97 /* NXPen.m */,
			);
			path = "Problem 1";
			sourceTree = "<group>";
		};
		E9BC722D1C8683FC00F4DD97 /* Problem 2 */ = {
			isa = PBXGroup;
			children = (
				E9BC72251C86827900F4DD97 /* main.m */,
				E9BC722A1C8683F700F4DD97 /* FilePrinter.h */,
				E9BC722B1C8683F700F4DD97 /* FilePrinter.m */,
			);
			name = "Problem 2";
			sourceTree = "<group>";
		};
/* End PBXGroup section */

/* Begin PBXNativeTarget section */
		E9BC72171C86760A00F4DD97 /* Week 1 */ = {
			isa = PBXNativeTarget;
			buildConfigurationList = E9BC721F1C86760A00F4DD97 /* Build configuration list for PBXNativeTarget "Week 1" */;
			buildPhases = (
				E9BC72141C86760A00F4DD97 /* Sources */,
				E9BC72151C86760A00F4DD97 /* Frameworks */,
				E9BC72161C86760A00F4DD97 /* CopyFiles */,
			);
			buildRules = (
			);
			dependencies = (
			);
			name = "Week 1";
			productName = "iOS Basic Problem Solving";
			productReference = E9BC72181C86760A00F4DD97 /* Week 1 */;
			productType = "com.apple.product-type.tool";
		};
/* End PBXNativeTarget section */

/* Begin PBXProject section */
		E9BC72101C86760A00F4DD97 /* Project object */ = {
			isa = PBXProject;
			attributes = {
				LastUpgradeCheck = 0720;
				ORGANIZATIONNAME = "김기범";
				TargetAttributes = {
					E9BC72171C86760A00F4DD97 = {
						CreatedOnToolsVersion = 7.2.1;
					};
				};
			};
			buildConfigurationList = E9BC72131C86760A00F4DD97 /* Build configuration list for PBXProject "Week 1" */;
			compatibilityVersion = "Xcode 3.2";
			developmentRegion = English;
			hasScannedForEncodings = 0;
			knownRegions = (
				en,
			);
			mainGroup = E9BC720F1C86760A00F4DD97;
			productRefGroup = E9BC72191C86760A00F4DD97 /* Products */;
			projectDirPath = "";
			projectRoot = "";
			targets = (
				E9BC72171C86760A00F4DD97 /* Week 1 */,
			);
		};
/* End PBXProject section */

/* Begin PBXSourcesBuildPhase section */
		E9BC72141C86760A00F4DD97 /* Sources */ = {
			isa = PBXSourcesBuildPhase;
			buildActionMask = 2147483647;
			files = (
				E9BC722C1C8683F700F4DD97 /* FilePrinter.m in Sources */,
				E9BC72291C86827900F4DD97 /* NXPen.m in Sources */,
				E9BC72281C86827900F4DD97 /* main.m in Sources */,
			);
			runOnlyForDeploymentPostprocessing = 0;
		};
/* End PBXSourcesBuildPhase section */

/* Begin XCBuildConfiguration section */
		E9BC721D1C86760A00F4DD97 /* Debug */ = {
			isa = XCBuildConfiguration;
			buildSettings = {
				ALWAYS_SEARCH_USER_PATHS = NO;
				CLANG_CXX_LANGUAGE_STANDARD = "gnu++0x";
				CLANG_CXX_LIBRARY = "libc++";
				CLANG_ENABLE_MODULES = YES;
				CLANG_ENABLE_OBJC_ARC = YES;
				CLANG_WARN_BOOL_CONVERSION = YES;
				CLANG_WARN_CONSTANT_CONVERSION = YES;
				CLANG_WARN_DIRECT_OBJC_ISA_USAGE = YES_ERROR;
				CLANG_WARN_EMPTY_BODY = YES;
				CLANG_WARN_ENUM_CONVERSION = YES;
				CLANG_WARN_INT_CONVERSION = YES;
				CLANG_WARN_OBJC_ROOT_CLASS = YES_ERROR;
				CLANG_WARN_UNREACHABLE_CODE = YES;
				CLANG_WARN__DUPLICATE_METHOD_MATCH = YES;
				CODE_SIGN_IDENTITY = "-";
				COPY_PHASE_STRIP = NO;
				DEBUG_INFORMATION_FORMAT = dwarf;
				ENABLE_STRICT_OBJC_MSGSEND = YES;
				ENABLE_TESTABILITY = YES;
				GCC_C_LANGUAGE_STANDARD = gnu99;
				GCC_DYNAMIC_NO_PIC = NO;
				GCC_NO_COMMON_BLOCKS = YES;
				GCC_OPTIMIZATION_LEVEL = 0;
				GCC_PREPROCESSOR_DEFINITIONS = (
					"DEBUG=1",
					"$(inherited)",
				);
				GCC_WARN_64_TO_32_BIT_CONVERSION = YES;
				GCC_WARN_ABOUT_RETURN_TYPE = YES_ERROR;
				GCC_WARN_UNDECLARED_SELECTOR = YES;
				GCC_WARN_UNINITIALIZED_AUTOS = YES_AGGRESSIVE;
				GCC_WARN_UNUSED_FUNCTION = YES;
				GCC_WARN_UNUSED_VARIABLE = YES;
				MACOSX_DEPLOYMENT_TARGET = 10.11;
				MTL_ENABLE_DEBUG_INFO = YES;
				ONLY_ACTIVE_ARCH = YES;
				SDKROOT = macosx;
			};
			name = Debug;
		};
		E9BC721E1C86760A00F4DD97 /* Release */ = {
			isa = XCBuildConfiguration;
			buildSettings = {
				ALWAYS_SEARCH_USER_PATHS = NO;
				CLANG_CXX_LANGUAGE_STANDARD = "gnu++0x";
				CLANG_CXX_LIBRARY = "libc++";
				CLANG_ENABLE_MODULES = YES;
				CLANG_ENABLE_OBJC_ARC = YES;
				CLANG_WARN_BOOL_CONVERSION = YES;
				CLANG_WARN_CONSTANT_CONVERSION = YES;
				CLANG_WARN_DIRECT_OBJC_ISA_USAGE = YES_ERROR;
				CLANG_WARN_EMPTY_BODY = YES;
				CLANG_WARN_ENUM_CONVERSION = YES;
				CLANG_WARN_INT_CONVERSION = YES;
				CLANG_WARN_OBJC_ROOT_CLASS = YES_ERROR;
				CLANG_WARN_UNREACHABLE_CODE = YES;
				CLANG_WARN__DUPLICATE_METHOD_MATCH = YES;
				CODE_SIGN_IDENTITY = "-";
				COPY_PHASE_STRIP = NO;
				DEBUG_INFORMATION_FORMAT = "dwarf-with-dsym";
				ENABLE_NS_ASSERTIONS = NO;
				ENABLE_STRICT_OBJC_MSGSEND = YES;
				GCC_C_LANGUAGE_STANDARD = gnu99;
				GCC_NO_COMMON_BLOCKS = YES;
				GCC_WARN_64_TO_32_BIT_CONVERSION = YES;
				GCC_WARN_ABOUT_RETURN_TYPE = YES_ERROR;
				GCC_WARN_UNDECLARED_SELECTOR = YES;
				GCC_WARN_UNINITIALIZED_AUTOS = YES_AGGRESSIVE;
				GCC_WARN_UNUSED_FUNCTION = YES;
				GCC_WARN_UNUSED_VARIABLE = YES;
				MACOSX_DEPLOYMENT_TARGET = 10.11;
				MTL_ENABLE_DEBUG_INFO = NO;
				SDKROOT = macosx;
			};
			name = Release;
		};
		E9BC72201C86760A00F4DD97 /* Debug */ = {
			isa = XCBuildConfiguration;
			buildSettings = {
				PRODUCT_NAME = "Week 1";
			};
			name = Debug;
		};
		E9BC72211C86760A00F4DD97 /* Release */ = {
			isa = XCBuildConfiguration;
			buildSettings = {
				PRODUCT_NAME = "Week 1";
			};
			name = Release;
		};
/* End XCBuildConfiguration section */

/* Begin XCConfigurationList section */
		E9BC72131C86760A00F4DD97 /* Build configuration list for PBXProject "Week 1" */ = {
			isa = XCConfigurationList;
			buildConfigurations = (
				E9BC721D1C86760A00F4DD97 /* Debug */,
				E9BC721E1C86760A00F4DD97 /* Release */,
			);
			defaultConfigurationIsVisible = 0;
			defaultConfigurationName = Release;
		};
		E9BC721F1C86760A00F4DD97 /* Build configuration list for PBXNativeTarget "Week 1" */ = {
			isa = XCConfigurationList;
			buildConfigurations = (
				E9BC72201C86760A00F4DD97 /* Debug */,
				E9BC72211C86760A00F4DD97 /* Release */,
			);
			defaultConfigurationIsVisible = 0;
			defaultConfigurationName = Release;
		};
/* End XCConfigurationList section */
	};
	rootObject = E9BC72101C86760A00F4DD97 /* Project object */;
}
